{
  "name": "random-str-msg-osm",
  "version": "1.0.0",
  "lockfileVersion": 3,
  "requires": true,
  "packages": {
    "": {
      "name": "random-str-msg-osm",
      "version": "1.0.0",
      "license": "ISC",
      "dependencies": {
        "random-str-msg-osm": "^1.0.0",
        "user": "^0.0.0"
      },
      "bin": {
        "random-str-msg-osm": "bin/global.js"
      }
    },
    "node_modules/random-str-msg-osm": {
      "version": "1.0.0",
      "resolved": "https://registry.npmjs.org/random-str-msg-osm/-/random-str-msg-osm-1.0.0.tgz",
      "integrity": "sha512-pooJk9q7BluuBPOWDfBxdFk0VAtFiV4Szc9uEIHu0WUerl2wbljCU/j9wak/JRPNux67QNUxxtCexkUroDn/FA==",
      "dependencies": {
        "user": "^0.0.0"
      },
      "bin": {
        "random-str-ms-osm": "bin/global.js"
      }
    },
    "node_modules/user": {
      "version": "0.0.0",
      "resolved": "https://registry.npmjs.org/user/-/user-0.0.0.tgz",
      "integrity": "sha512-eRNM5isOvr6aEFAGi1CqAkmLkYxW2NJ5ThhbD+6IJXYKM1mo7Gtxx4mQIveHz/5K3p/SVnlW9k17ETn+QAu8IQ==",
      "license": "MIT"
    }
  }
}
